{
  "name": "bubble-test-app-playwright",
  "version": "1.0.0",
  "lockfileVersion": 2,
  "requires": true,
  "packages": {
    "": {
      "version": "1.0.0",
      "license": "ISC",
      "dependencies": {
        "lorem-ipsum": "^2.0.8"
      },
      "devDependencies": {
        "@playwright/test": "^1.31.1"
      }
    },
    "node_modules/@playwright/test": {
      "version": "1.31.1",
      "resolved": "https://rapidsos.jfrog.io/rapidsos/api/npm/npm/@playwright/test/-/test-1.31.1.tgz",
      "integrity": "sha512-IsytVZ+0QLDh1Hj83XatGp/GsI1CDJWbyDaBGbainsh0p2zC7F4toUocqowmjS6sQff2NGT3D9WbDj/3K2CJiA==",
      "dev": true,
      "dependencies": {
        "@types/node": "*",
        "fsevents": "2.3.2",
        "playwright-core": "1.31.1"
      },
      "bin": {
        "playwright": "cli.js"
      },
      "engines": {
        "node": ">=14"
      },
      "optionalDependencies": {
        "fsevents": "2.3.2"
      }
    },
    "node_modules/@types/node": {
      "version": "18.14.1",
      "resolved": "https://rapidsos.jfrog.io/rapidsos/api/npm/npm/@types/node/-/node-18.14.1.tgz",
      "integrity": "sha512-QH+37Qds3E0eDlReeboBxfHbX9omAcBCXEzswCu6jySP642jiM3cYSIkU/REqwhCUqXdonHFuBfJDiAJxMNhaQ==",
      "dev": true
    },
    "node_modules/commander": {
      "version": "9.5.0",
      "resolved": "https://rapidsos.jfrog.io/rapidsos/api/npm/npm/commander/-/commander-9.5.0.tgz",
      "integrity": "sha512-KRs7WVDKg86PWiuAqhDrAQnTXZKraVcCc6vFdL14qrZ/DcWwuRo7VoiYXalXO7S5GKpqYiVEwCbgFDfxNHKJBQ==",
      "engines": {
        "node": "^12.20.0 || >=14"
      }
    },
    "node_modules/fsevents": {
      "version": "2.3.2",
      "resolved": "https://rapidsos.jfrog.io/rapidsos/api/npm/npm/fsevents/-/fsevents-2.3.2.tgz",
      "integrity": "sha512-xiqMQR4xAeHTuB9uWm+fFRcIOgKBMiOBP+eXiyT7jsgVCq1bkVygt00oASowB7EdtpOHaaPgKt812P9ab+DDKA==",
      "dev": true,
      "hasInstallScript": true,
      "optional": true,
      "engines": {
        "node": "^8.16.0 || ^10.6.0 || >=11.0.0"
      }
    },
    "node_modules/lorem-ipsum": {
      "version": "2.0.8",
      "resolved": "https://rapidsos.jfrog.io/rapidsos/api/npm/npm/lorem-ipsum/-/lorem-ipsum-2.0.8.tgz",
      "integrity": "sha512-5RIwHuCb979RASgCJH0VKERn9cQo/+NcAi2BMe9ddj+gp7hujl6BI+qdOG4nVsLDpwWEJwTVYXNKP6BGgbcoGA==",
      "dependencies": {
        "commander": "^9.3.0"
      },
      "bin": {
        "lorem-ipsum": "dist/bin/lorem-ipsum.bin.js"
      },
      "engines": {
        "node": ">= 8.x",
        "npm": ">= 5.x"
      }
    },
    "node_modules/playwright-core": {
      "version": "1.31.1",
      "resolved": "https://rapidsos.jfrog.io/rapidsos/api/npm/npm/playwright-core/-/playwright-core-1.31.1.tgz",
      "integrity": "sha512-JTyX4kV3/LXsvpHkLzL2I36aCdml4zeE35x+G5aPc4bkLsiRiQshU5lWeVpHFAuC8xAcbI6FDcw/8z3q2xtJSQ==",
      "dev": true,
      "bin": {
        "playwright": "cli.js"
      },
      "engines": {
        "node": ">=14"
      }
    }
  },
  "dependencies": {
    "@playwright/test": {
      "version": "1.31.1",
      "resolved": "https://rapidsos.jfrog.io/rapidsos/api/npm/npm/@playwright/test/-/test-1.31.1.tgz",
      "integrity": "sha512-IsytVZ+0QLDh1Hj83XatGp/GsI1CDJWbyDaBGbainsh0p2zC7F4toUocqowmjS6sQff2NGT3D9WbDj/3K2CJiA==",
      "dev": true,
      "requires": {
        "@types/node": "*",
        "fsevents": "2.3.2",
        "playwright-core": "1.31.1"
      }
    },
    "@types/node": {
      "version": "18.14.1",
      "resolved": "https://rapidsos.jfrog.io/rapidsos/api/npm/npm/@types/node/-/node-18.14.1.tgz",
      "integrity": "sha512-QH+37Qds3E0eDlReeboBxfHbX9omAcBCXEzswCu6jySP642jiM3cYSIkU/REqwhCUqXdonHFuBfJDiAJxMNhaQ==",
      "dev": true
    },
    "commander": {
      "version": "9.5.0",
      "resolved": "https://rapidsos.jfrog.io/rapidsos/api/npm/npm/commander/-/commander-9.5.0.tgz",
      "integrity": "sha512-KRs7WVDKg86PWiuAqhDrAQnTXZKraVcCc6vFdL14qrZ/DcWwuRo7VoiYXalXO7S5GKpqYiVEwCbgFDfxNHKJBQ=="
    },
    "fsevents": {
      "version": "2.3.2",
      "resolved": "https://rapidsos.jfrog.io/rapidsos/api/npm/npm/fsevents/-/fsevents-2.3.2.tgz",
      "integrity": "sha512-xiqMQR4xAeHTuB9uWm+fFRcIOgKBMiOBP+eXiyT7jsgVCq1bkVygt00oASowB7EdtpOHaaPgKt812P9ab+DDKA==",
      "dev": true,
      "optional": true
    },
    "lorem-ipsum": {
      "version": "2.0.8",
      "resolved": "https://rapidsos.jfrog.io/rapidsos/api/npm/npm/lorem-ipsum/-/lorem-ipsum-2.0.8.tgz",
      "integrity": "sha512-5RIwHuCb979RASgCJH0VKERn9cQo/+NcAi2BMe9ddj+gp7hujl6BI+qdOG4nVsLDpwWEJwTVYXNKP6BGgbcoGA==",
      "requires": {
        "commander": "^9.3.0"
      }
    },
    "playwright-core": {
      "version": "1.31.1",
      "resolved": "https://rapidsos.jfrog.io/rapidsos/api/npm/npm/playwright-core/-/playwright-core-1.31.1.tgz",
      "integrity": "sha512-JTyX4kV3/LXsvpHkLzL2I36aCdml4zeE35x+G5aPc4bkLsiRiQshU5lWeVpHFAuC8xAcbI6FDcw/8z3q2xtJSQ==",
      "dev": true
    }
  }
}
